<Solution>
  <Folder Name="/src/">
    <Project Path="src/Umsatzschätzung.App/Umsatzschätzung.App.csproj" />
    <Project Path="src/Umsatzschätzung.Core/Umsatzschätzung.Core.csproj" />
    <Project Path="src/Umsatzschätzung.E2e/Umsatzschätzung.E2e.csproj" />
  </Folder>
  <Folder Name="/tools/">
    <Project Path="tools/eval/Umsatzschätzung.Eval.csproj" />
    <Project Path="tools/ocr/Umsatzschätzung.Ocr.csproj" />
    <Project Path="tools/richtsatz/Umsatzschätzung.Richtsatz.csproj" />
  </Folder>
</Solution>
