<Solution>
  <Folder Name="/src/">
    <Project Path="src/Umsatzschaetzung.App/Umsatzschaetzung.App.csproj" />
    <Project Path="src/Umsatzschaetzung.Core/Umsatzschaetzung.Core.csproj" />
    <Project Path="src/Umsatzschaetzung.Tests/Umsatzschaetzung.Tests.csproj" />
    <Project Path="src/RapidOcrNet/RapidOcrNet.csproj" />
  </Folder>
  <Folder Name="/tools/">
    <Project Path="tools/eval/Umsatzschaetzung.Eval.csproj" />
    <Project Path="tools/ocr/Umsatzschaetzung.Ocr.csproj" />
    <Project Path="tools/richtsatz/Umsatzschaetzung.Richtsatz.csproj" />
    <Project Path="tools/headless/Umsatzschaetzung.Headless.csproj" />
  </Folder>
</Solution>
